
Microsoft Visual Studio Solution File, Format Version 11.00
# Visual Studio 2010
Project("{E24C65DC-7377-472B-9ABA-BC803B73C61A}") = "AuthNetWebService", ".", "{D0DD66E6-4BAC-4D82-9A45-41006099B71C}"
	ProjectSection(WebsiteProperties) = preProject
		TargetFrameworkMoniker = ".NETFramework,Version%3Dv4.0"
		Debug.AspNetCompiler.VirtualPath = "/AuthNetWebService"
		Debug.AspNetCompiler.PhysicalPath = "..\AuthNetWebService\"
		Debug.AspNetCompiler.TargetPath = "PrecompiledWeb\AuthNetWebService\"
		Debug.AspNetCompiler.Updateable = "true"
		Debug.AspNetCompiler.ForceOverwrite = "true"
		Debug.AspNetCompiler.FixedNames = "false"
		Debug.AspNetCompiler.Debug = "True"
		Release.AspNetCompiler.VirtualPath = "/AuthNetWebService"
		Release.AspNetCompiler.PhysicalPath = "..\AuthNetWebService\"
		Release.AspNetCompiler.TargetPath = "PrecompiledWeb\AuthNetWebService\"
		Release.AspNetCompiler.Updateable = "true"
		Release.AspNetCompiler.ForceOverwrite = "true"
		Release.AspNetCompiler.FixedNames = "false"
		Release.AspNetCompiler.Debug = "False"
		VWDPort = "53236"
	EndProjectSection
EndProject
Global
	GlobalSection(SolutionConfigurationPlatforms) = preSolution
		Debug|Any CPU = Debug|Any CPU
	EndGlobalSection
	GlobalSection(ProjectConfigurationPlatforms) = postSolution
		{D0DD66E6-4BAC-4D82-9A45-41006099B71C}.Debug|Any CPU.ActiveCfg = Debug|Any CPU
		{D0DD66E6-4BAC-4D82-9A45-41006099B71C}.Debug|Any CPU.Build.0 = Debug|Any CPU
	EndGlobalSection
	GlobalSection(SolutionProperties) = preSolution
		HideSolutionNode = FALSE
	EndGlobalSection
EndGlobal
